
Microsoft Visual Studio Solution File, Format Version 12.00
# Visual Studio Version 17
VisualStudioVersion = 17.5.002.0
MinimumVisualStudioVersion = 10.0.40219.1
Project("{9A19103F-16F7-4668-BE54-9A1E7A4F7556}") = "example001_Hello console", "example001_Hello console\example001_Hello console.csproj", "{AFAB5D01-9C62-4C19-BAD3-9DA4A5850206}"
EndProject
Project("{9A19103F-16F7-4668-BE54-9A1E7A4F7556}") = "Example002_HelloUser", "Example002_HelloUser\Example002_HelloUser.csproj", "{95D9BF58-89D2-4221-A00D-384D014C9BB5}"
EndProject
Project("{9A19103F-16F7-4668-BE54-9A1E7A4F7556}") = "Example003_HelloNumbers", "Example003_HelloNumbers\Example003_HelloNumbers.csproj", "{B5A45CF2-F16F-4472-9ABD-0EF73C2B507B}"
EndProject
Project("{9A19103F-16F7-4668-BE54-9A1E7A4F7556}") = "Example004_HelloRaznost'", "Example004_HelloRaznost'\Example004_HelloRaznost'.csproj", "{9BE63055-B48E-43C8-9488-A8F98901C220}"
EndProject
Global
	GlobalSection(SolutionConfigurationPlatforms) = preSolution
		Debug|Any CPU = Debug|Any CPU
		Release|Any CPU = Release|Any CPU
	EndGlobalSection
	GlobalSection(ProjectConfigurationPlatforms) = postSolution
		{AFAB5D01-9C62-4C19-BAD3-9DA4A5850206}.Debug|Any CPU.ActiveCfg = Debug|Any CPU
		{AFAB5D01-9C62-4C19-BAD3-9DA4A5850206}.Debug|Any CPU.Build.0 = Debug|Any CPU
		{AFAB5D01-9C62-4C19-BAD3-9DA4A5850206}.Release|Any CPU.ActiveCfg = Release|Any CPU
		{AFAB5D01-9C62-4C19-BAD3-9DA4A5850206}.Release|Any CPU.Build.0 = Release|Any CPU
		{95D9BF58-89D2-4221-A00D-384D014C9BB5}.Debug|Any CPU.ActiveCfg = Debug|Any CPU
		{95D9BF58-89D2-4221-A00D-384D014C9BB5}.Debug|Any CPU.Build.0 = Debug|Any CPU
		{95D9BF58-89D2-4221-A00D-384D014C9BB5}.Release|Any CPU.ActiveCfg = Release|Any CPU
		{95D9BF58-89D2-4221-A00D-384D014C9BB5}.Release|Any CPU.Build.0 = Release|Any CPU
		{B5A45CF2-F16F-4472-9ABD-0EF73C2B507B}.Debug|Any CPU.ActiveCfg = Debug|Any CPU
		{B5A45CF2-F16F-4472-9ABD-0EF73C2B507B}.Debug|Any CPU.Build.0 = Debug|Any CPU
		{B5A45CF2-F16F-4472-9ABD-0EF73C2B507B}.Release|Any CPU.ActiveCfg = Release|Any CPU
		{B5A45CF2-F16F-4472-9ABD-0EF73C2B507B}.Release|Any CPU.Build.0 = Release|Any CPU
		{9BE63055-B48E-43C8-9488-A8F98901C220}.Debug|Any CPU.ActiveCfg = Debug|Any CPU
		{9BE63055-B48E-43C8-9488-A8F98901C220}.Debug|Any CPU.Build.0 = Debug|Any CPU
		{9BE63055-B48E-43C8-9488-A8F98901C220}.Release|Any CPU.ActiveCfg = Release|Any CPU
		{9BE63055-B48E-43C8-9488-A8F98901C220}.Release|Any CPU.Build.0 = Release|Any CPU
	EndGlobalSection
	GlobalSection(SolutionProperties) = preSolution
		HideSolutionNode = FALSE
	EndGlobalSection
	GlobalSection(ExtensibilityGlobals) = postSolution
		SolutionGuid = {C78E1997-54FE-4323-A736-3C76CC6943F8}
	EndGlobalSection
EndGlobal
